
Microsoft Visual Studio Solution File, Format Version 12.00
# Visual Studio Version 16
VisualStudioVersion = 16.0.29905.134
MinimumVisualStudioVersion = 10.0.40219.1
Project("{FAE04EC0-301F-11D3-BF4B-00C04F79EFBC}") = "ChordTransposer", "ChordTransposer.csproj", "{C73F44FB-4D3E-471D-80D1-AD2092477654}"
EndProject
Global
	GlobalSection(SolutionConfigurationPlatforms) = preSolution
		Debug|Any CPU = Debug|Any CPU
		Release|Any CPU = Release|Any CPU
	EndGlobalSection
	GlobalSection(ProjectConfigurationPlatforms) = postSolution
		{C73F44FB-4D3E-471D-80D1-AD2092477654}.Debug|Any CPU.ActiveCfg = Debug|Any CPU
		{C73F44FB-4D3E-471D-80D1-AD2092477654}.Debug|Any CPU.Build.0 = Debug|Any CPU
		{C73F44FB-4D3E-471D-80D1-AD2092477654}.Release|Any CPU.ActiveCfg = Release|Any CPU
		{C73F44FB-4D3E-471D-80D1-AD2092477654}.Release|Any CPU.Build.0 = Release|Any CPU
	EndGlobalSection
	GlobalSection(SolutionProperties) = preSolution
		HideSolutionNode = FALSE
	EndGlobalSection
	GlobalSection(ExtensibilityGlobals) = postSolution
		SolutionGuid = {1069EA44-814E-4F94-BA14-A97D507C20F2}
	EndGlobalSection
EndGlobal
